
Microsoft Visual Studio Solution File, Format Version 12.00
# Visual Studio 15
VisualStudioVersion = 15.0.27130.0
MinimumVisualStudioVersion = 10.0.40219.1
Project("{FAE04EC0-301F-11D3-BF4B-00C04F79EFBC}") = "ShapeLibrary", "ShapeLibrary\ShapeLibrary.csproj", "{57D6973E-FFB7-4912-9D49-8DF4680E3AE4}"
EndProject
Project("{FAE04EC0-301F-11D3-BF4B-00C04F79EFBC}") = "ShapeLibrary.Tests", "ShapeLibrary.Tests\ShapeLibrary.Tests.csproj", "{3070B4B6-B79D-47F1-8ED3-D22C2E3004AA}"
EndProject
Global
	GlobalSection(SolutionConfigurationPlatforms) = preSolution
		Debug|Any CPU = Debug|Any CPU
		Release|Any CPU = Release|Any CPU
	EndGlobalSection
	GlobalSection(ProjectConfigurationPlatforms) = postSolution
		{57D6973E-FFB7-4912-9D49-8DF4680E3AE4}.Debug|Any CPU.ActiveCfg = Debug|Any CPU
		{57D6973E-FFB7-4912-9D49-8DF4680E3AE4}.Debug|Any CPU.Build.0 = Debug|Any CPU
		{57D6973E-FFB7-4912-9D49-8DF4680E3AE4}.Release|Any CPU.ActiveCfg = Release|Any CPU
		{57D6973E-FFB7-4912-9D49-8DF4680E3AE4}.Release|Any CPU.Build.0 = Release|Any CPU
		{3070B4B6-B79D-47F1-8ED3-D22C2E3004AA}.Debug|Any CPU.ActiveCfg = Debug|Any CPU
		{3070B4B6-B79D-47F1-8ED3-D22C2E3004AA}.Debug|Any CPU.Build.0 = Debug|Any CPU
		{3070B4B6-B79D-47F1-8ED3-D22C2E3004AA}.Release|Any CPU.ActiveCfg = Release|Any CPU
		{3070B4B6-B79D-47F1-8ED3-D22C2E3004AA}.Release|Any CPU.Build.0 = Release|Any CPU
	EndGlobalSection
	GlobalSection(SolutionProperties) = preSolution
		HideSolutionNode = FALSE
	EndGlobalSection
	GlobalSection(ExtensibilityGlobals) = postSolution
		SolutionGuid = {0D357E03-A4B2-47E9-BD05-755A1FFD5293}
	EndGlobalSection
EndGlobal
